Microsoft Visual Studio Solution File, Format Version 12.00
# Visual Studio Version 17
VisualStudioVersion = 17.5.2.0
MinimumVisualStudioVersion = 10.0.40219.1
Project("{FAE04EC0-301F-11D3-BF4B-00C04F79EFBC}") = "Grandeur_BE_DotNet", "Grandeur_BE_DotNet.csproj", "{D26E8FE0-D94E-2811-8A01-B6525B878117}"
EndProject
Global
	GlobalSection(SolutionConfigurationPlatforms) = preSolution
		Debug|Any CPU = Debug|Any CPU
		Release|Any CPU = Release|Any CPU
	EndGlobalSection
	GlobalSection(ProjectConfigurationPlatforms) = postSolution
		{D26E8FE0-D94E-2811-8A01-B6525B878117}.Debug|Any CPU.ActiveCfg = Debug|Any CPU
		{D26E8FE0-D94E-2811-8A01-B6525B878117}.Debug|Any CPU.Build.0 = Debug|Any CPU
		{D26E8FE0-D94E-2811-8A01-B6525B878117}.Release|Any CPU.ActiveCfg = Release|Any CPU
		{D26E8FE0-D94E-2811-8A01-B6525B878117}.Release|Any CPU.Build.0 = Release|Any CPU
	EndGlobalSection
	GlobalSection(SolutionProperties) = preSolution
		HideSolutionNode = FALSE
	EndGlobalSection
	GlobalSection(ExtensibilityGlobals) = postSolution
		SolutionGuid = {775F38B4-5D87-4AAA-B309-1EF1532734BE}
	EndGlobalSection
EndGlobal
